// !$*UTF8*$!
{
	archiveVersion = 1;
	classes = {
	};
	objectVersion = 46;
	objects = {

/* Begin PBXBuildFile section */
		D009D71A1CBFEFC00059AF03 /* main.cpp in Sources */ = {isa = PBXBuildFile; fileRef = D009D7191CBFEFC00059AF03 /* main.cpp */; };
		D009D7221CBFF0AB0059AF03 /* Node.cpp in Sources */ = {isa = PBXBuildFile; fileRef = D009D7211CBFF0AB0059AF03 /* Node.cpp */; };
/* End PBXBuildFile section */

/* Begin PBXCopyFilesBuildPhase section */
		D009D7141CBFEFC00059AF03 /* CopyFiles */ = {
			isa = PBXCopyFilesBuildPhase;
			buildActionMask = 2147483647;
			dstPath = /usr/share/man/man1/;
			dstSubfolderSpec = 0;
			files = (
			);
			runOnlyForDeploymentPostprocessing = 1;
		};
/* End PBXCopyFilesBuildPhase section */

/* Begin PBXFileReference section */
		D009D7161CBFEFC00059AF03 /* proj3 */ = {isa = PBXFileReference; explicitFileType = "compiled.mach-o.executable"; includeInIndex = 0; path = proj3; sourceTree = BUILT_PRODUCTS_DIR; };
		D009D7191CBFEFC00059AF03 /* main.cpp */ = {isa = PBXFileReference; lastKnownFileType = sourcecode.cpp.cpp; path = main.cpp; sourceTree = "<group>"; };
		D009D7201CBFF0800059AF03 /* Node.hpp */ = {isa = PBXFileReference; fileEncoding = 4; lastKnownFileType = sourcecode.cpp.h; path = Node.hpp; sourceTree = "<group>"; };
		D009D7211CBFF0AB0059AF03 /* Node.cpp */ = {isa = PBXFileReference; fileEncoding = 4; lastKnownFileType = sourcecode.cpp.cpp; path = Node.cpp; sourceTree = "<group>"; };
		D009D7231CBFF2630059AF03 /* input.txt */ = {isa = PBXFileReference; fileEncoding = 4; lastKnownFileType = text; path = input.txt; sourceTree = "<group>"; };
/* End PBXFileReference section */

/* Begin PBXFrameworksBuildPhase section */
		D009D7131CBFEFC00059AF03 /* Frameworks */ = {
			isa = PBXFrameworksBuildPhase;
			buildActionMask = 2147483647;
			files = (
			);
			runOnlyForDeploymentPostprocessing = 0;
		};
/* End PBXFrameworksBuildPhase section */

/* Begin PBXGroup section */
		D009D70D1CBFEFC00059AF03 = {
			isa = PBXGroup;
			children = (
				D009D7181CBFEFC00059AF03 /* proj3 */,
				D009D7171CBFEFC00059AF03 /* Products */,
			);
			sourceTree = "<group>";
		};
		D009D7171CBFEFC00059AF03 /* Products */ = {
			isa = PBXGroup;
			children = (
				D009D7161CBFEFC00059AF03 /* proj3 */,
			);
			name = Products;
			sourceTree = "<group>";
		};
		D009D7181CBFEFC00059AF03 /* proj3 */ = {
			isa = PBXGroup;
			children = (
				D009D7191CBFEFC00059AF03 /* main.cpp */,
				D009D7231CBFF2630059AF03 /* input.txt */,
				D009D7201CBFF0800059AF03 /* Node.hpp */,
				D009D7211CBFF0AB0059AF03 /* Node.cpp */,
			);
			path = proj3;
			sourceTree = "<group>";
		};
/* End PBXGroup section */

/* Begin PBXNativeTarget section */
		D009D7151CBFEFC00059AF03 /* proj3 */ = {
			isa = PBXNativeTarget;
			buildConfigurationList = D009D71D1CBFEFC00059AF03 /* Build configuration list for PBXNativeTarget "proj3" */;
			buildPhases = (
				D009D7121CBFEFC00059AF03 /* Sources */,
				D009D7131CBFEFC00059AF03 /* Frameworks */,
				D009D7141CBFEFC00059AF03 /* CopyFiles */,
			);
			buildRules = (
			);
			dependencies = (
			);
			name = proj3;
			productName = proj3;
			productReference = D009D7161CBFEFC00059AF03 /* proj3 */;
			productType = "com.apple.product-type.tool";
		};
/* End PBXNativeTarget section */

/* Begin PBXProject section */
		D009D70E1CBFEFC00059AF03 /* Project object */ = {
			isa = PBXProject;
			attributes = {
				LastUpgradeCheck = 0720;
				ORGANIZATIONNAME = "Justin Lennox";
				TargetAttributes = {
					D009D7151CBFEFC00059AF03 = {
						CreatedOnToolsVersion = 7.2.1;
					};
				};
			};
			buildConfigurationList = D009D7111CBFEFC00059AF03 /* Build configuration list for PBXProject "proj3" */;
			compatibilityVersion = "Xcode 3.2";
			developmentRegion = English;
			hasScannedForEncodings = 0;
			knownRegions = (
				en,
			);
			mainGroup = D009D70D1CBFEFC00059AF03;
			productRefGroup = D009D7171CBFEFC00059AF03 /* Products */;
			projectDirPath = "";
			projectRoot = "";
			targets = (
				D009D7151CBFEFC00059AF03 /* proj3 */,
			);
		};
/* End PBXProject section */

/* Begin PBXSourcesBuildPhase section */
		D009D7121CBFEFC00059AF03 /* Sources */ = {
			isa = PBXSourcesBuildPhase;
			buildActionMask = 2147483647;
			files = (
				D009D71A1CBFEFC00059AF03 /* main.cpp in Sources */,
				D009D7221CBFF0AB0059AF03 /* Node.cpp in Sources */,
			);
			runOnlyForDeploymentPostprocessing = 0;
		};
/* End PBXSourcesBuildPhase section */

/* Begin XCBuildConfiguration section */
		D009D71B1CBFEFC00059AF03 /* Debug */ = {
			isa = XCBuildConfiguration;
			buildSettings = {
				ALWAYS_SEARCH_USER_PATHS = NO;
				CLANG_CXX_LANGUAGE_STANDARD = "gnu++0x";
				CLANG_CXX_LIBRARY = "libc++";
				CLANG_ENABLE_MODULES = YES;
				CLANG_ENABLE_OBJC_ARC = YES;
				CLANG_WARN_BOOL_CONVERSION = YES;
				CLANG_WARN_CONSTANT_CONVERSION = YES;
				CLANG_WARN_DIRECT_OBJC_ISA_USAGE = YES_ERROR;
				CLANG_WARN_EMPTY_BODY = YES;
				CLANG_WARN_ENUM_CONVERSION = YES;
				CLANG_WARN_INT_CONVERSION = YES;
				CLANG_WARN_OBJC_ROOT_CLASS = YES_ERROR;
				CLANG_WARN_UNREACHABLE_CODE = YES;
				CLANG_WARN__DUPLICATE_METHOD_MATCH = YES;
				CODE_SIGN_IDENTITY = "-";
				COPY_PHASE_STRIP = NO;
				DEBUG_INFORMATION_FORMAT = dwarf;
				ENABLE_STRICT_OBJC_MSGSEND = YES;
				ENABLE_TESTABILITY = YES;
				GCC_C_LANGUAGE_STANDARD = gnu99;
				GCC_DYNAMIC_NO_PIC = NO;
				GCC_NO_COMMON_BLOCKS = YES;
				GCC_OPTIMIZATION_LEVEL = 0;
				GCC_PREPROCESSOR_DEFINITIONS = (
					"DEBUG=1",
					"$(inherited)",
				);
				GCC_WARN_64_TO_32_BIT_CONVERSION = YES;
				GCC_WARN_ABOUT_RETURN_TYPE = YES_ERROR;
				GCC_WARN_UNDECLARED_SELECTOR = YES;
				GCC_WARN_UNINITIALIZED_AUTOS = YES_AGGRESSIVE;
				GCC_WARN_UNUSED_FUNCTION = YES;
				GCC_WARN_UNUSED_VARIABLE = YES;
				MACOSX_DEPLOYMENT_TARGET = 10.11;
				MTL_ENABLE_DEBUG_INFO = YES;
				ONLY_ACTIVE_ARCH = YES;
				SDKROOT = macosx;
			};
			name = Debug;
		};
		D009D71C1CBFEFC00059AF03 /* Release */ = {
			isa = XCBuildConfiguration;
			buildSettings = {
				ALWAYS_SEARCH_USER_PATHS = NO;
				CLANG_CXX_LANGUAGE_STANDARD = "gnu++0x";
				CLANG_CXX_LIBRARY = "libc++";
				CLANG_ENABLE_MODULES = YES;
				CLANG_ENABLE_OBJC_ARC = YES;
				CLANG_WARN_BOOL_CONVERSION = YES;
				CLANG_WARN_CONSTANT_CONVERSION = YES;
				CLANG_WARN_DIRECT_OBJC_ISA_USAGE = YES_ERROR;
				CLANG_WARN_EMPTY_BODY = YES;
				CLANG_WARN_ENUM_CONVERSION = YES;
				CLANG_WARN_INT_CONVERSION = YES;
				CLANG_WARN_OBJC_ROOT_CLASS = YES_ERROR;
				CLANG_WARN_UNREACHABLE_CODE = YES;
				CLANG_WARN__DUPLICATE_METHOD_MATCH = YES;
				CODE_SIGN_IDENTITY = "-";
				COPY_PHASE_STRIP = NO;
				DEBUG_INFORMATION_FORMAT = "dwarf-with-dsym";
				ENABLE_NS_ASSERTIONS = NO;
				ENABLE_STRICT_OBJC_MSGSEND = YES;
				GCC_C_LANGUAGE_STANDARD = gnu99;
				GCC_NO_COMMON_BLOCKS = YES;
				GCC_WARN_64_TO_32_BIT_CONVERSION = YES;
				GCC_WARN_ABOUT_RETURN_TYPE = YES_ERROR;
				GCC_WARN_UNDECLARED_SELECTOR = YES;
				GCC_WARN_UNINITIALIZED_AUTOS = YES_AGGRESSIVE;
				GCC_WARN_UNUSED_FUNCTION = YES;
				GCC_WARN_UNUSED_VARIABLE = YES;
				MACOSX_DEPLOYMENT_TARGET = 10.11;
				MTL_ENABLE_DEBUG_INFO = NO;
				SDKROOT = macosx;
			};
			name = Release;
		};
		D009D71E1CBFEFC00059AF03 /* Debug */ = {
			isa = XCBuildConfiguration;
			buildSettings = {
				PRODUCT_NAME = "$(TARGET_NAME)";
			};
			name = Debug;
		};
		D009D71F1CBFEFC00059AF03 /* Release */ = {
			isa = XCBuildConfiguration;
			buildSettings = {
				PRODUCT_NAME = "$(TARGET_NAME)";
			};
			name = Release;
		};
/* End XCBuildConfiguration section */

/* Begin XCConfigurationList section */
		D009D7111CBFEFC00059AF03 /* Build configuration list for PBXProject "proj3" */ = {
			isa = XCConfigurationList;
			buildConfigurations = (
				D009D71B1CBFEFC00059AF03 /* Debug */,
				D009D71C1CBFEFC00059AF03 /* Release */,
			);
			defaultConfigurationIsVisible = 0;
			defaultConfigurationName = Release;
		};
		D009D71D1CBFEFC00059AF03 /* Build configuration list for PBXNativeTarget "proj3" */ = {
			isa = XCConfigurationList;
			buildConfigurations = (
				D009D71E1CBFEFC00059AF03 /* Debug */,
				D009D71F1CBFEFC00059AF03 /* Release */,
			);
			defaultConfigurationIsVisible = 0;
		};
/* End XCConfigurationList section */
	};
	rootObject = D009D70E1CBFEFC00059AF03 /* Project object */;
}
